{
  "nodes": {
    "cache-server": {
      "flake": false,
      "locked": {
        "lastModified": 1788660391,
        "narHash": "sha256-Pd/VeJcuvIS9kVdEhdLnDXmWJw63BvuEytsJuj899II=",
        "owner": "icedos",
        "repo": "cache-server",
        "rev": "1509a6362c80942cae190ddde30351fbfaf405d7",
        "type": "github"
      },
      "original": {
        "owner": "icedos",
        "ref": "cache",
        "repo": "cache-server",
        "type": "github"
      }
    },
    "icedos": {
      "inputs": {
        "cache-server": "cache-server",
        "nixpkgs": [
          "nixpkgs"
        ]
      },
      "locked": {
        "lastModified": 1788427869,
        "narHash": "sha256-OHwjEWzV4ifpsCu3PLBc5o+8BrdYYRwuIxVDU497Pf0=",
        "owner": "IceDOS",
        "repo": "core",
        "rev": "14aa4f506b6a552bbd30306e30328e719e5dcf3a",
        "type": "github"
      },
      "original": {
        "owner": "IceDOS",
        "repo": "core",
        "type": "github"
      }
    },
    "nixpkgs": {
      "locked": {
        "lastModified": 1788614874,
        "narHash": "sha256-7QYjT2vHLuX9Z1pdxHXDKCbh1CR3D/2rywB9Tx0MPRg=",
        "owner": "NixOS",
        "repo": "nixpkgs",
        "rev": "c043004d1c6985732bcc1cbc5a9c9aecbbb4e0f0",
        "type": "github"
      },
      "original": {
        "owner": "NixOS",
        "ref": "nixos-unstable",
        "repo": "nixpkgs",
        "type": "github"
      }
    },
    "root": {
      "inputs": {
        "icedos": "icedos",
        "nixpkgs": "nixpkgs"
      }
    }
  },
  "root": "root",
  "version": 7
}
