{
  "nodes": {
    "cache-server": {
      "flake": false,
      "locked": {
        "lastModified": 1785557030,
        "narHash": "sha256-dCW78LE7dl9/FIruUoPnvuII5L7Pd6ort/iBukGWCZw=",
        "owner": "icedos",
        "repo": "cache-server",
        "rev": "c8844750eaf623f5d7e2a3f4a100fad6f97fe4b4",
        "type": "github"
      },
      "original": {
        "owner": "icedos",
        "repo": "cache-server",
        "type": "github"
      }
    },
    "icedos": {
      "inputs": {
        "cache-server": "cache-server",
        "nixpkgs": [
          "nixpkgs"
        ]
      },
      "locked": {
        "lastModified": 1785526073,
        "narHash": "sha256-kd4ToWZ3cPEEn2aM+IOaKGX2MQwz16b4hBpoF2wDAVY=",
        "owner": "IceDOS",
        "repo": "core",
        "rev": "0cc733106c8dc3843a0fffbd423ec645bba8660a",
        "type": "github"
      },
      "original": {
        "owner": "IceDOS",
        "repo": "core",
        "type": "github"
      }
    },
    "nixpkgs": {
      "locked": {
        "lastModified": 1785571196,
        "narHash": "sha256-KoTsyMQqnXQZq8deCEnu4QkyldkwH/bpMMhUcfMdGIw=",
        "owner": "NixOS",
        "repo": "nixpkgs",
        "rev": "148bab9c1c3c53136ecb44a6ea356a0ed5b39b06",
        "type": "github"
      },
      "original": {
        "owner": "NixOS",
        "ref": "nixos-unstable",
        "repo": "nixpkgs",
        "type": "github"
      }
    },
    "root": {
      "inputs": {
        "icedos": "icedos",
        "nixpkgs": "nixpkgs"
      }
    }
  },
  "root": "root",
  "version": 7
}
