{
  "nodes": {
    "cache-server": {
      "flake": false,
      "locked": {
        "lastModified": 1785528219,
        "narHash": "sha256-FOaTvSx81M3cAaF56mckkC8pmcUP62VHMg3lzifE5hk=",
        "owner": "icedos",
        "repo": "cache-server",
        "rev": "c313b48f8a45d5edbaf0b5489e4c974b47a9d3e5",
        "type": "github"
      },
      "original": {
        "owner": "icedos",
        "repo": "cache-server",
        "type": "github"
      }
    },
    "icedos": {
      "inputs": {
        "cache-server": "cache-server",
        "nixpkgs": [
          "nixpkgs"
        ]
      },
      "locked": {
        "lastModified": 1785526073,
        "narHash": "sha256-kd4ToWZ3cPEEn2aM+IOaKGX2MQwz16b4hBpoF2wDAVY=",
        "owner": "IceDOS",
        "repo": "core",
        "rev": "0cc733106c8dc3843a0fffbd423ec645bba8660a",
        "type": "github"
      },
      "original": {
        "owner": "IceDOS",
        "repo": "core",
        "type": "github"
      }
    },
    "nixpkgs": {
      "locked": {
        "lastModified": 1785454630,
        "narHash": "sha256-LQy14TZp77TwbQf40gg1V3jo8FwJG0jGDkAH+zRHqg8=",
        "owner": "NixOS",
        "repo": "nixpkgs",
        "rev": "1559d3daa3ecc813a650b79375ea61b6741b8746",
        "type": "github"
      },
      "original": {
        "owner": "NixOS",
        "ref": "nixos-unstable",
        "repo": "nixpkgs",
        "type": "github"
      }
    },
    "root": {
      "inputs": {
        "icedos": "icedos",
        "nixpkgs": "nixpkgs"
      }
    }
  },
  "root": "root",
  "version": 7
}
