{
  "nodes": {
    "home-manager": {
      "inputs": {
        "nixpkgs": [
          "nixpkgs"
        ]
      },
      "locked": {
        "lastModified": 1788487777,
        "narHash": "sha256-Ro/e1N4ZR8/XaFF+sF9SgfPK79HM5YNEppzFj8p+0Ak=",
        "owner": "nix-community",
        "repo": "home-manager",
        "rev": "693e8ce0fb240a73c116a03cfd7b19269c87af88",
        "type": "github"
      },
      "original": {
        "owner": "nix-community",
        "repo": "home-manager",
        "type": "github"
      }
    },
    "icedos": {
      "inputs": {
        "nixpkgs": [
          "icedos-config",
          "nixpkgs"
        ]
      },
      "locked": {
        "lastModified": 1788427869,
        "narHash": "sha256-OHwjEWzV4ifpsCu3PLBc5o+8BrdYYRwuIxVDU497Pf0=",
        "owner": "IceDOS",
        "repo": "core",
        "rev": "14aa4f506b6a552bbd30306e30328e719e5dcf3a",
        "type": "github"
      },
      "original": {
        "owner": "IceDOS",
        "repo": "core",
        "type": "github"
      }
    },
    "icedos-config": {
      "inputs": {
        "icedos": "icedos",
        "nixpkgs": "nixpkgs"
      },
      "locked": {
        "lastModified": 1,
        "narHash": "sha256-pjmBQk1rkJC/rZlOfonZ7kNwHWjH6JX1RNkRgr4pLFA=",
        "path": "/nix/store/32xnzh98mlyqisq9frna12xy8w7h27zy-icedos-config",
        "type": "path"
      },
      "original": {
        "path": "/nix/store/32xnzh98mlyqisq9frna12xy8w7h27zy-icedos-config",
        "type": "path"
      }
    },
    "icedos-github_icedos_apps": {
      "locked": {
        "lastModified": 1788599591,
        "narHash": "sha256-KTe4T2+LRrA+5ISf5/zXif4qpAyVfULcJIWeT6O0L08=",
        "owner": "icedos",
        "repo": "apps",
        "rev": "9c6041e4918b66d31eecf4ac960e2b2af50bbe01",
        "type": "github"
      },
      "original": {
        "owner": "icedos",
        "repo": "apps",
        "rev": "9c6041e4918b66d31eecf4ac960e2b2af50bbe01",
        "type": "github"
      }
    },
    "icedos-github_icedos_hardware": {
      "locked": {
        "lastModified": 1788516677,
        "narHash": "sha256-0UbmdwuVLXLkAiL5JW2tlVML1qGf/8L58IT/uZ0aeOQ=",
        "owner": "icedos",
        "repo": "hardware",
        "rev": "16106547c1faeaab4fd0b3f623dc6e07d0682dc8",
        "type": "github"
      },
      "original": {
        "owner": "icedos",
        "repo": "hardware",
        "rev": "16106547c1faeaab4fd0b3f623dc6e07d0682dc8",
        "type": "github"
      }
    },
    "nixpkgs": {
      "locked": {
        "lastModified": 1788531059,
        "narHash": "sha256-hLD4l3QOGBQhkVp3mQ2lJ/YbEi99qUgKapb40KovZ88=",
        "owner": "NixOS",
        "repo": "nixpkgs",
        "rev": "801bef6abd86b91e51083066b83fb354a11fc640",
        "type": "github"
      },
      "original": {
        "owner": "NixOS",
        "ref": "nixos-unstable",
        "repo": "nixpkgs",
        "type": "github"
      }
    },
    "nixpkgs_2": {
      "locked": {
        "lastModified": 1788316716,
        "narHash": "sha256-bc7rSpXIdn9QWGNqfWcPZWOhEVF8NoeAZkWq0XWnf/k=",
        "owner": "nixos",
        "repo": "nixpkgs",
        "rev": "3ed67ec0a4d3c7ab4ae1f04f8ee8df07bfa506a2",
        "type": "github"
      },
      "original": {
        "owner": "nixos",
        "ref": "nixos-unstable",
        "repo": "nixpkgs",
        "type": "github"
      }
    },
    "root": {
      "inputs": {
        "home-manager": "home-manager",
        "icedos-config": "icedos-config",
        "icedos-core": [
          "icedos-config",
          "icedos"
        ],
        "icedos-github_icedos_apps": "icedos-github_icedos_apps",
        "icedos-github_icedos_hardware": "icedos-github_icedos_hardware",
        "nixpkgs": "nixpkgs_2"
      }
    }
  },
  "root": "root",
  "version": 7
}